
Microsoft Visual Studio Solution File, Format Version 12.00
# Visual Studio Version 17
VisualStudioVersion = 17.5.33502.453
MinimumVisualStudioVersion = 10.0.40219.1
Project("{FAE04EC0-301F-11D3-BF4B-00C04F79EFBC}") = "Clase 3 - Actividad 6", "Clase 3 - Actividad 6\Clase 3 - Actividad 6.csproj", "{0724FD57-948A-45E2-9272-542B540E5308}"
EndProject
Global
	GlobalSection(SolutionConfigurationPlatforms) = preSolution
		Debug|Any CPU = Debug|Any CPU
		Release|Any CPU = Release|Any CPU
	EndGlobalSection
	GlobalSection(ProjectConfigurationPlatforms) = postSolution
		{0724FD57-948A-45E2-9272-542B540E5308}.Debug|Any CPU.ActiveCfg = Debug|Any CPU
		{0724FD57-948A-45E2-9272-542B540E5308}.Debug|Any CPU.Build.0 = Debug|Any CPU
		{0724FD57-948A-45E2-9272-542B540E5308}.Release|Any CPU.ActiveCfg = Release|Any CPU
		{0724FD57-948A-45E2-9272-542B540E5308}.Release|Any CPU.Build.0 = Release|Any CPU
	EndGlobalSection
	GlobalSection(SolutionProperties) = preSolution
		HideSolutionNode = FALSE
	EndGlobalSection
	GlobalSection(ExtensibilityGlobals) = postSolution
		SolutionGuid = {5CC0AF67-87ED-490C-8FD4-89449ED9FB94}
	EndGlobalSection
EndGlobal
